
Microsoft Visual Studio Solution File, Format Version 12.00
# Visual Studio 15
VisualStudioVersion = 15.0.28307.168
MinimumVisualStudioVersion = 10.0.40219.1
Project("{FAE04EC0-301F-11D3-BF4B-00C04F79EFBC}") = "lab4-5", "lab4-5\lab4-5.csproj", "{78A518EE-7DEB-4795-A6D5-C4E54BD666E7}"
EndProject
Global
	GlobalSection(SolutionConfigurationPlatforms) = preSolution
		Debug|Any CPU = Debug|Any CPU
		Release|Any CPU = Release|Any CPU
	EndGlobalSection
	GlobalSection(ProjectConfigurationPlatforms) = postSolution
		{78A518EE-7DEB-4795-A6D5-C4E54BD666E7}.Debug|Any CPU.ActiveCfg = Debug|Any CPU
		{78A518EE-7DEB-4795-A6D5-C4E54BD666E7}.Debug|Any CPU.Build.0 = Debug|Any CPU
		{78A518EE-7DEB-4795-A6D5-C4E54BD666E7}.Release|Any CPU.ActiveCfg = Release|Any CPU
		{78A518EE-7DEB-4795-A6D5-C4E54BD666E7}.Release|Any CPU.Build.0 = Release|Any CPU
	EndGlobalSection
	GlobalSection(SolutionProperties) = preSolution
		HideSolutionNode = FALSE
	EndGlobalSection
	GlobalSection(ExtensibilityGlobals) = postSolution
		SolutionGuid = {E8DF93BF-2217-4152-ABEF-0D41DC05D952}
	EndGlobalSection
EndGlobal
